
Microsoft Visual Studio Solution File, Format Version 12.00
# Visual Studio Version 16
VisualStudioVersion = 16.0.29709.97
MinimumVisualStudioVersion = 10.0.40219.1
Project("{FAE04EC0-301F-11D3-BF4B-00C04F79EFBC}") = "CLI RPG", "CLI RPG\CLI RPG.csproj", "{8CCD52A7-8E1F-4529-84E0-177B3B091450}"
EndProject
Global
	GlobalSection(SolutionConfigurationPlatforms) = preSolution
		Debug|Any CPU = Debug|Any CPU
		Release|Any CPU = Release|Any CPU
	EndGlobalSection
	GlobalSection(ProjectConfigurationPlatforms) = postSolution
		{8CCD52A7-8E1F-4529-84E0-177B3B091450}.Debug|Any CPU.ActiveCfg = Debug|Any CPU
		{8CCD52A7-8E1F-4529-84E0-177B3B091450}.Debug|Any CPU.Build.0 = Debug|Any CPU
		{8CCD52A7-8E1F-4529-84E0-177B3B091450}.Release|Any CPU.ActiveCfg = Release|Any CPU
		{8CCD52A7-8E1F-4529-84E0-177B3B091450}.Release|Any CPU.Build.0 = Release|Any CPU
	EndGlobalSection
	GlobalSection(SolutionProperties) = preSolution
		HideSolutionNode = FALSE
	EndGlobalSection
	GlobalSection(ExtensibilityGlobals) = postSolution
		SolutionGuid = {E79872D2-E62A-4431-B045-2F05E42A4ABE}
	EndGlobalSection
EndGlobal
